
Microsoft Visual Studio Solution File, Format Version 12.00
# Visual Studio Version 17
VisualStudioVersion = 17.14.36301.6
MinimumVisualStudioVersion = 10.0.40219.1
Project("{FAE04EC0-301F-11D3-BF4B-00C04F79EFBC}") = "Rebtel.DeveloperTest.API", "Rebtel.DeveloperTest.API\Rebtel.DeveloperTest.API.csproj", "{D9DC7296-F08B-4FB4-9E21-FB5851F1E67B}"
EndProject
Project("{FAE04EC0-301F-11D3-BF4B-00C04F79EFBC}") = "Rebtel.DeveloperTest.SL", "Rebtel.DeveloperTest.BLL\Rebtel.DeveloperTest.SL.csproj", "{2E7E5956-DCB2-4BFE-BFD7-7BA5310E7CF3}"
EndProject
Project("{FAE04EC0-301F-11D3-BF4B-00C04F79EFBC}") = "Rebtel.DeveloperTest.SL.UnitTest", "Rebtel.DeveloperTest.SL.UnitTest\Rebtel.DeveloperTest.SL.UnitTest.csproj", "{70EA6F83-4403-4A11-9FC2-B8693D5B3030}"
EndProject
Project("{FAE04EC0-301F-11D3-BF4B-00C04F79EFBC}") = "Rebtel.DeveloperTest.SL.IntegrationTest", "Rebtel.DeveloperTest.SL.IntegrationTest\Rebtel.DeveloperTest.SL.IntegrationTest.csproj", "{4361A078-38DC-4097-BC69-7688B8CB6CDD}"
EndProject
Project("{FAE04EC0-301F-11D3-BF4B-00C04F79EFBC}") = "Rebtel.DeveloperTest.DAL", "Rebtel.DeveloperTest.DAL\Rebtel.DeveloperTest.DAL.csproj", "{0C9FF427-43D6-9232-9066-0CEFF7F4033B}"
EndProject
Project("{FAE04EC0-301F-11D3-BF4B-00C04F79EFBC}") = "Rebtel.DeveloperTest.WarmUpTasks", "Rebtel.DeveloperTest.WarmUpTasks\Rebtel.DeveloperTest.WarmUpTasks.csproj", "{B464FA36-D18C-2E92-3DC7-74A2799C322F}"
EndProject
Project("{FAE04EC0-301F-11D3-BF4B-00C04F79EFBC}") = "Rebtel.DeveloperTest.WarmUpTasks.UnitTest", "Rebtel.DeveloperTest.WarmUpTasks.UnitTest\Rebtel.DeveloperTest.WarmUpTasks.UnitTest.csproj", "{E18F368F-6C6E-4959-BFC7-8CA761CEF285}"
EndProject
Project("{FAE04EC0-301F-11D3-BF4B-00C04F79EFBC}") = "Rebtel.DeveloperTest.API.FunctionalTest", "Rebtel.DeveloperTest.API.FunctionalTest\Rebtel.DeveloperTest.API.FunctionalTest.csproj", "{374D077E-3B63-4280-887B-D9D6DCE40FC9}"
EndProject
Project("{2150E333-8FDC-42A3-9474-1A3956D46DE8}") = "Rebtel.DeveloperTest.APILayer", "Rebtel.DeveloperTest.APILayer", "{02EA681E-C7D8-13C7-8484-4AC65E1B71E8}"
EndProject
Project("{2150E333-8FDC-42A3-9474-1A3956D46DE8}") = "Rebtel.DeveloperTest.ServiceLayer", "Rebtel.DeveloperTest.ServiceLayer", "{2B8D32E7-3BBC-4DFA-8818-E9C981DCCCB7}"
EndProject
Project("{2150E333-8FDC-42A3-9474-1A3956D46DE8}") = "Rebtel.DeveloperTest.WarmUpTaskFolder", "Rebtel.DeveloperTest.WarmUpTaskFolder", "{1663F8FC-53E8-4D34-8ECD-8ACC562BCA6F}"
EndProject
Project("{2150E333-8FDC-42A3-9474-1A3956D46DE8}") = "Rebtel.DeveloperTest.APILayer.Tests", "Rebtel.DeveloperTest.APILayer.Tests", "{7E37DFF0-421C-46C9-819D-7D6466DA3ED4}"
EndProject
Project("{2150E333-8FDC-42A3-9474-1A3956D46DE8}") = "Rebtel.DeveloperTest.ServiceLayer.Tests", "Rebtel.DeveloperTest.ServiceLayer.Tests", "{F758B253-E519-47E7-9689-AB5DAA6BD40E}"
EndProject
Project("{FAE04EC0-301F-11D3-BF4B-00C04F79EFBC}") = "Rebtel.DeveloperTest.GprcServer", "Rebtel.DeveloperTest.GprcServer\Rebtel.DeveloperTest.GprcServer.csproj", "{FDABBF8D-0661-D283-6A65-0202CF7315DD}"
EndProject
Project("{FAE04EC0-301F-11D3-BF4B-00C04F79EFBC}") = "Rebtel.DeveloperTest.GprcClient", "Rebtel.DeveloperTest.GprcClient\Rebtel.DeveloperTest.GprcClient.csproj", "{DFF130E8-5EE6-C0FF-7AB5-587B7E8EC0F7}"
EndProject
Global
	GlobalSection(SolutionConfigurationPlatforms) = preSolution
		Debug|Any CPU = Debug|Any CPU
		Release|Any CPU = Release|Any CPU
	EndGlobalSection
	GlobalSection(ProjectConfigurationPlatforms) = postSolution
		{D9DC7296-F08B-4FB4-9E21-FB5851F1E67B}.Debug|Any CPU.ActiveCfg = Debug|Any CPU
		{D9DC7296-F08B-4FB4-9E21-FB5851F1E67B}.Debug|Any CPU.Build.0 = Debug|Any CPU
		{D9DC7296-F08B-4FB4-9E21-FB5851F1E67B}.Release|Any CPU.ActiveCfg = Release|Any CPU
		{D9DC7296-F08B-4FB4-9E21-FB5851F1E67B}.Release|Any CPU.Build.0 = Release|Any CPU
		{2E7E5956-DCB2-4BFE-BFD7-7BA5310E7CF3}.Debug|Any CPU.ActiveCfg = Debug|Any CPU
		{2E7E5956-DCB2-4BFE-BFD7-7BA5310E7CF3}.Debug|Any CPU.Build.0 = Debug|Any CPU
		{2E7E5956-DCB2-4BFE-BFD7-7BA5310E7CF3}.Release|Any CPU.ActiveCfg = Release|Any CPU
		{2E7E5956-DCB2-4BFE-BFD7-7BA5310E7CF3}.Release|Any CPU.Build.0 = Release|Any CPU
		{70EA6F83-4403-4A11-9FC2-B8693D5B3030}.Debug|Any CPU.ActiveCfg = Debug|Any CPU
		{70EA6F83-4403-4A11-9FC2-B8693D5B3030}.Debug|Any CPU.Build.0 = Debug|Any CPU
		{70EA6F83-4403-4A11-9FC2-B8693D5B3030}.Release|Any CPU.ActiveCfg = Release|Any CPU
		{70EA6F83-4403-4A11-9FC2-B8693D5B3030}.Release|Any CPU.Build.0 = Release|Any CPU
		{4361A078-38DC-4097-BC69-7688B8CB6CDD}.Debug|Any CPU.ActiveCfg = Debug|Any CPU
		{4361A078-38DC-4097-BC69-7688B8CB6CDD}.Debug|Any CPU.Build.0 = Debug|Any CPU
		{4361A078-38DC-4097-BC69-7688B8CB6CDD}.Release|Any CPU.ActiveCfg = Release|Any CPU
		{4361A078-38DC-4097-BC69-7688B8CB6CDD}.Release|Any CPU.Build.0 = Release|Any CPU
		{0C9FF427-43D6-9232-9066-0CEFF7F4033B}.Debug|Any CPU.ActiveCfg = Debug|Any CPU
		{0C9FF427-43D6-9232-9066-0CEFF7F4033B}.Debug|Any CPU.Build.0 = Debug|Any CPU
		{0C9FF427-43D6-9232-9066-0CEFF7F4033B}.Release|Any CPU.ActiveCfg = Release|Any CPU
		{0C9FF427-43D6-9232-9066-0CEFF7F4033B}.Release|Any CPU.Build.0 = Release|Any CPU
		{B464FA36-D18C-2E92-3DC7-74A2799C322F}.Debug|Any CPU.ActiveCfg = Debug|Any CPU
		{B464FA36-D18C-2E92-3DC7-74A2799C322F}.Debug|Any CPU.Build.0 = Debug|Any CPU
		{B464FA36-D18C-2E92-3DC7-74A2799C322F}.Release|Any CPU.ActiveCfg = Release|Any CPU
		{B464FA36-D18C-2E92-3DC7-74A2799C322F}.Release|Any CPU.Build.0 = Release|Any CPU
		{E18F368F-6C6E-4959-BFC7-8CA761CEF285}.Debug|Any CPU.ActiveCfg = Debug|Any CPU
		{E18F368F-6C6E-4959-BFC7-8CA761CEF285}.Debug|Any CPU.Build.0 = Debug|Any CPU
		{E18F368F-6C6E-4959-BFC7-8CA761CEF285}.Release|Any CPU.ActiveCfg = Release|Any CPU
		{E18F368F-6C6E-4959-BFC7-8CA761CEF285}.Release|Any CPU.Build.0 = Release|Any CPU
		{374D077E-3B63-4280-887B-D9D6DCE40FC9}.Debug|Any CPU.ActiveCfg = Debug|Any CPU
		{374D077E-3B63-4280-887B-D9D6DCE40FC9}.Debug|Any CPU.Build.0 = Debug|Any CPU
		{374D077E-3B63-4280-887B-D9D6DCE40FC9}.Release|Any CPU.ActiveCfg = Release|Any CPU
		{374D077E-3B63-4280-887B-D9D6DCE40FC9}.Release|Any CPU.Build.0 = Release|Any CPU
		{FDABBF8D-0661-D283-6A65-0202CF7315DD}.Debug|Any CPU.ActiveCfg = Debug|Any CPU
		{FDABBF8D-0661-D283-6A65-0202CF7315DD}.Debug|Any CPU.Build.0 = Debug|Any CPU
		{FDABBF8D-0661-D283-6A65-0202CF7315DD}.Release|Any CPU.ActiveCfg = Release|Any CPU
		{FDABBF8D-0661-D283-6A65-0202CF7315DD}.Release|Any CPU.Build.0 = Release|Any CPU
		{DFF130E8-5EE6-C0FF-7AB5-587B7E8EC0F7}.Debug|Any CPU.ActiveCfg = Debug|Any CPU
		{DFF130E8-5EE6-C0FF-7AB5-587B7E8EC0F7}.Debug|Any CPU.Build.0 = Debug|Any CPU
		{DFF130E8-5EE6-C0FF-7AB5-587B7E8EC0F7}.Release|Any CPU.ActiveCfg = Release|Any CPU
		{DFF130E8-5EE6-C0FF-7AB5-587B7E8EC0F7}.Release|Any CPU.Build.0 = Release|Any CPU
	EndGlobalSection
	GlobalSection(SolutionProperties) = preSolution
		HideSolutionNode = FALSE
	EndGlobalSection
	GlobalSection(NestedProjects) = preSolution
		{D9DC7296-F08B-4FB4-9E21-FB5851F1E67B} = {02EA681E-C7D8-13C7-8484-4AC65E1B71E8}
		{2E7E5956-DCB2-4BFE-BFD7-7BA5310E7CF3} = {2B8D32E7-3BBC-4DFA-8818-E9C981DCCCB7}
		{70EA6F83-4403-4A11-9FC2-B8693D5B3030} = {F758B253-E519-47E7-9689-AB5DAA6BD40E}
		{4361A078-38DC-4097-BC69-7688B8CB6CDD} = {F758B253-E519-47E7-9689-AB5DAA6BD40E}
		{0C9FF427-43D6-9232-9066-0CEFF7F4033B} = {2B8D32E7-3BBC-4DFA-8818-E9C981DCCCB7}
		{B464FA36-D18C-2E92-3DC7-74A2799C322F} = {1663F8FC-53E8-4D34-8ECD-8ACC562BCA6F}
		{E18F368F-6C6E-4959-BFC7-8CA761CEF285} = {1663F8FC-53E8-4D34-8ECD-8ACC562BCA6F}
		{374D077E-3B63-4280-887B-D9D6DCE40FC9} = {7E37DFF0-421C-46C9-819D-7D6466DA3ED4}
		{7E37DFF0-421C-46C9-819D-7D6466DA3ED4} = {02EA681E-C7D8-13C7-8484-4AC65E1B71E8}
		{F758B253-E519-47E7-9689-AB5DAA6BD40E} = {2B8D32E7-3BBC-4DFA-8818-E9C981DCCCB7}
		{FDABBF8D-0661-D283-6A65-0202CF7315DD} = {2B8D32E7-3BBC-4DFA-8818-E9C981DCCCB7}
		{DFF130E8-5EE6-C0FF-7AB5-587B7E8EC0F7} = {02EA681E-C7D8-13C7-8484-4AC65E1B71E8}
	EndGlobalSection
	GlobalSection(ExtensibilityGlobals) = postSolution
		SolutionGuid = {64797897-A293-4B53-BC72-6528CA3DDD10}
	EndGlobalSection
EndGlobal
